
Microsoft Visual Studio Solution File, Format Version 12.00
# Visual Studio Version 17
VisualStudioVersion = 17.0.31903.59
MinimumVisualStudioVersion = 10.0.40219.1
Project("{9A19103F-16F7-4668-BE54-9A1E7A4F7556}") = "TripServiceKata", "TripServiceKata\TripServiceKata.csproj", "{C74978DD-B248-4AA9-9C56-4E0EECBE47A9}"
EndProject
Project("{FAE04EC0-301F-11D3-BF4B-00C04F79EFBC}") = "TripServiceKata.Tests", "TripServiceKata.Tests\TripServiceKata.Tests.csproj", "{8C28E61F-2CDE-45A4-BD13-9E27719DDB13}"
EndProject
Global
	GlobalSection(SolutionConfigurationPlatforms) = preSolution
		Debug|Any CPU = Debug|Any CPU
		Release|Any CPU = Release|Any CPU
	EndGlobalSection
	GlobalSection(ProjectConfigurationPlatforms) = postSolution
		{C74978DD-B248-4AA9-9C56-4E0EECBE47A9}.Debug|Any CPU.ActiveCfg = Debug|Any CPU
		{C74978DD-B248-4AA9-9C56-4E0EECBE47A9}.Debug|Any CPU.Build.0 = Debug|Any CPU
		{C74978DD-B248-4AA9-9C56-4E0EECBE47A9}.Release|Any CPU.ActiveCfg = Release|Any CPU
		{C74978DD-B248-4AA9-9C56-4E0EECBE47A9}.Release|Any CPU.Build.0 = Release|Any CPU
		{8C28E61F-2CDE-45A4-BD13-9E27719DDB13}.Debug|Any CPU.ActiveCfg = Debug|Any CPU
		{8C28E61F-2CDE-45A4-BD13-9E27719DDB13}.Debug|Any CPU.Build.0 = Debug|Any CPU
		{8C28E61F-2CDE-45A4-BD13-9E27719DDB13}.Release|Any CPU.ActiveCfg = Release|Any CPU
		{8C28E61F-2CDE-45A4-BD13-9E27719DDB13}.Release|Any CPU.Build.0 = Release|Any CPU
	EndGlobalSection
	GlobalSection(SolutionProperties) = preSolution
		HideSolutionNode = FALSE
	EndGlobalSection
	GlobalSection(ExtensibilityGlobals) = postSolution
		SolutionGuid = {07B10C4F-92C8-4BE2-BCB1-D2141D7EC30A}
	EndGlobalSection
EndGlobal
